
Microsoft Visual Studio Solution File, Format Version 12.00
# Visual Studio Version 16
VisualStudioVersion = 16.0.30204.135
MinimumVisualStudioVersion = 10.0.40219.1
Project("{2150E333-8FDC-42A3-9474-1A3956D46DE8}") = "FrameWork", "FrameWork", "{FA420D67-8DE4-4C37-91BA-8066E1805E74}"
EndProject
Project("{2150E333-8FDC-42A3-9474-1A3956D46DE8}") = "PaintBook.Content", "PaintBook.Content", "{FBDD816C-D557-45DB-8806-4C71312EDCB3}"
EndProject
Project("{2150E333-8FDC-42A3-9474-1A3956D46DE8}") = "PaintBook.OnlineAuction", "PaintBook.OnlineAuction", "{F940208E-71A4-40A4-95E4-164D2608BD6B}"
EndProject
Project("{2150E333-8FDC-42A3-9474-1A3956D46DE8}") = "PaintBook.Eshop", "PaintBook.Eshop", "{51DC683F-FE28-46B7-BBD4-6F2B12A602F4}"
EndProject
Project("{2150E333-8FDC-42A3-9474-1A3956D46DE8}") = "Domain", "Domain", "{93902E7E-A1D6-46B6-8E48-CAB8158B0ACC}"
EndProject
Project("{9A19103F-16F7-4668-BE54-9A1E7A4F7556}") = "PaintBook.Content.Domain", "PaintBook.Domain\PaintBook.Content.Domain.csproj", "{D9CBFF00-DC33-453C-B074-2F6B4856FFDF}"
EndProject
Project("{9A19103F-16F7-4668-BE54-9A1E7A4F7556}") = "FrameWork.Domian", "FrameWork.Domian\FrameWork.Domian.csproj", "{859D099A-296B-405A-BE73-4A2A901ABADF}"
EndProject
Project("{2150E333-8FDC-42A3-9474-1A3956D46DE8}") = "Application", "Application", "{36A28E7F-E459-4512-B750-95BF528C63C7}"
EndProject
Project("{9A19103F-16F7-4668-BE54-9A1E7A4F7556}") = "PaintBook.Content.Application", "PaintBook.Content.Application\PaintBook.Content.Application.csproj", "{6F061BDC-4874-42FB-9AC8-92EF660FEAFB}"
EndProject
Project("{9A19103F-16F7-4668-BE54-9A1E7A4F7556}") = "PaintBook.Content.Applicaton.Contracts", "PaintBook.Content.Applicaton.Contracts\PaintBook.Content.Applicaton.Contracts.csproj", "{8B39CD3F-916B-4416-99F9-D55A14B0938E}"
EndProject
Project("{2150E333-8FDC-42A3-9474-1A3956D46DE8}") = "WriteModel", "WriteModel", "{692F5D8A-BCD5-4DA2-B987-6E661055370F}"
EndProject
Project("{2150E333-8FDC-42A3-9474-1A3956D46DE8}") = "ReadModel", "ReadModel", "{A25FBFA7-1B29-4A2B-A282-A0AA7DD530BA}"
EndProject
Project("{9A19103F-16F7-4668-BE54-9A1E7A4F7556}") = "FrameWork.Application", "Application.FrameWork\FrameWork.Application.csproj", "{6965CA32-B44D-48F4-BE51-259B470F225B}"
EndProject
Project("{2150E333-8FDC-42A3-9474-1A3956D46DE8}") = "Infrastructure", "Infrastructure", "{B7A9CA15-F447-4126-A739-A91425F75108}"
EndProject
Project("{9A19103F-16F7-4668-BE54-9A1E7A4F7556}") = "PaintBook.Content.Infrastructure.EF", "PaintBook.Content.Infrastructure.EF\PaintBook.Content.Infrastructure.EF.csproj", "{E3ABD8FF-3A33-4BBE-B775-6F3792AE82F0}"
EndProject
Project("{9A19103F-16F7-4668-BE54-9A1E7A4F7556}") = "PaintBook.Content.Infrastructure.Configuration", "PaintBook.Content.Infrastructure.Configuration\PaintBook.Content.Infrastructure.Configuration.csproj", "{3A29A4A0-54EF-4FF6-9D48-2340FD9275BB}"
EndProject
Project("{9A19103F-16F7-4668-BE54-9A1E7A4F7556}") = "FrameWork.Core", "FrameWork.Core\FrameWork.Core.csproj", "{8286C226-839B-46A1-BFDD-059AA794FA85}"
EndProject
Project("{9A19103F-16F7-4668-BE54-9A1E7A4F7556}") = "PainBookHost", "PainBookHost\PainBookHost.csproj", "{A660BA09-CD4B-46B2-82CB-129BE388B650}"
EndProject
Project("{2150E333-8FDC-42A3-9474-1A3956D46DE8}") = "Interface", "Interface", "{3E5D0957-6678-4A33-BC2C-E0B5615564C5}"
EndProject
Project("{9A19103F-16F7-4668-BE54-9A1E7A4F7556}") = "PaintBook.Interface", "PaintBook.Interface\PaintBook.Interface.csproj", "{0867782F-B9D2-4408-A1C0-04A3799AFA0F}"
EndProject
Project("{9A19103F-16F7-4668-BE54-9A1E7A4F7556}") = "FrameWork.EF", "FrameWork.EF\FrameWork.EF.csproj", "{85CCA032-B572-48D7-9934-CC5AEE8CADF9}"
EndProject
Project("{2150E333-8FDC-42A3-9474-1A3956D46DE8}") = "Registration", "Registration", "{DA5BA158-B39B-4EF7-B433-AA7EB752CB5F}"
EndProject
Project("{2150E333-8FDC-42A3-9474-1A3956D46DE8}") = "Payment", "Payment", "{2EF85BDE-A65A-4DC2-95ED-954FA444B015}"
EndProject
Project("{9A19103F-16F7-4668-BE54-9A1E7A4F7556}") = "PaintBook.Content.Query", "PaintBook.Content.Query\PaintBook.Content.Query.csproj", "{217C21B4-03E6-4724-962E-FF9CA589DDD9}"
EndProject
Project("{2150E333-8FDC-42A3-9474-1A3956D46DE8}") = "PaintBook.User", "PaintBook.User", "{19D9F669-855F-45AA-8D36-4B6120D32C07}"
EndProject
Project("{FAE04EC0-301F-11D3-BF4B-00C04F79EFBC}") = "PaintBook.Useres", "PaintBook.Useres\PaintBook.Useres.csproj", "{887211EB-2F3D-491C-A29B-3FB62E4A2072}"
EndProject
Project("{2150E333-8FDC-42A3-9474-1A3956D46DE8}") = "PaintBook.Education", "PaintBook.Education", "{6C190B0A-D5CF-47F8-BEB8-1A83B702F1B9}"
EndProject
Global
	GlobalSection(SolutionConfigurationPlatforms) = preSolution
		Debug|Any CPU = Debug|Any CPU
		Release|Any CPU = Release|Any CPU
	EndGlobalSection
	GlobalSection(ProjectConfigurationPlatforms) = postSolution
		{D9CBFF00-DC33-453C-B074-2F6B4856FFDF}.Debug|Any CPU.ActiveCfg = Debug|Any CPU
		{D9CBFF00-DC33-453C-B074-2F6B4856FFDF}.Debug|Any CPU.Build.0 = Debug|Any CPU
		{D9CBFF00-DC33-453C-B074-2F6B4856FFDF}.Release|Any CPU.ActiveCfg = Release|Any CPU
		{D9CBFF00-DC33-453C-B074-2F6B4856FFDF}.Release|Any CPU.Build.0 = Release|Any CPU
		{859D099A-296B-405A-BE73-4A2A901ABADF}.Debug|Any CPU.ActiveCfg = Debug|Any CPU
		{859D099A-296B-405A-BE73-4A2A901ABADF}.Debug|Any CPU.Build.0 = Debug|Any CPU
		{859D099A-296B-405A-BE73-4A2A901ABADF}.Release|Any CPU.ActiveCfg = Release|Any CPU
		{859D099A-296B-405A-BE73-4A2A901ABADF}.Release|Any CPU.Build.0 = Release|Any CPU
		{6F061BDC-4874-42FB-9AC8-92EF660FEAFB}.Debug|Any CPU.ActiveCfg = Debug|Any CPU
		{6F061BDC-4874-42FB-9AC8-92EF660FEAFB}.Debug|Any CPU.Build.0 = Debug|Any CPU
		{6F061BDC-4874-42FB-9AC8-92EF660FEAFB}.Release|Any CPU.ActiveCfg = Release|Any CPU
		{6F061BDC-4874-42FB-9AC8-92EF660FEAFB}.Release|Any CPU.Build.0 = Release|Any CPU
		{8B39CD3F-916B-4416-99F9-D55A14B0938E}.Debug|Any CPU.ActiveCfg = Debug|Any CPU
		{8B39CD3F-916B-4416-99F9-D55A14B0938E}.Debug|Any CPU.Build.0 = Debug|Any CPU
		{8B39CD3F-916B-4416-99F9-D55A14B0938E}.Release|Any CPU.ActiveCfg = Release|Any CPU
		{8B39CD3F-916B-4416-99F9-D55A14B0938E}.Release|Any CPU.Build.0 = Release|Any CPU
		{6965CA32-B44D-48F4-BE51-259B470F225B}.Debug|Any CPU.ActiveCfg = Debug|Any CPU
		{6965CA32-B44D-48F4-BE51-259B470F225B}.Debug|Any CPU.Build.0 = Debug|Any CPU
		{6965CA32-B44D-48F4-BE51-259B470F225B}.Release|Any CPU.ActiveCfg = Release|Any CPU
		{6965CA32-B44D-48F4-BE51-259B470F225B}.Release|Any CPU.Build.0 = Release|Any CPU
		{E3ABD8FF-3A33-4BBE-B775-6F3792AE82F0}.Debug|Any CPU.ActiveCfg = Debug|Any CPU
		{E3ABD8FF-3A33-4BBE-B775-6F3792AE82F0}.Debug|Any CPU.Build.0 = Debug|Any CPU
		{E3ABD8FF-3A33-4BBE-B775-6F3792AE82F0}.Release|Any CPU.ActiveCfg = Release|Any CPU
		{E3ABD8FF-3A33-4BBE-B775-6F3792AE82F0}.Release|Any CPU.Build.0 = Release|Any CPU
		{3A29A4A0-54EF-4FF6-9D48-2340FD9275BB}.Debug|Any CPU.ActiveCfg = Debug|Any CPU
		{3A29A4A0-54EF-4FF6-9D48-2340FD9275BB}.Debug|Any CPU.Build.0 = Debug|Any CPU
		{3A29A4A0-54EF-4FF6-9D48-2340FD9275BB}.Release|Any CPU.ActiveCfg = Release|Any CPU
		{3A29A4A0-54EF-4FF6-9D48-2340FD9275BB}.Release|Any CPU.Build.0 = Release|Any CPU
		{8286C226-839B-46A1-BFDD-059AA794FA85}.Debug|Any CPU.ActiveCfg = Debug|Any CPU
		{8286C226-839B-46A1-BFDD-059AA794FA85}.Debug|Any CPU.Build.0 = Debug|Any CPU
		{8286C226-839B-46A1-BFDD-059AA794FA85}.Release|Any CPU.ActiveCfg = Release|Any CPU
		{8286C226-839B-46A1-BFDD-059AA794FA85}.Release|Any CPU.Build.0 = Release|Any CPU
		{A660BA09-CD4B-46B2-82CB-129BE388B650}.Debug|Any CPU.ActiveCfg = Debug|Any CPU
		{A660BA09-CD4B-46B2-82CB-129BE388B650}.Debug|Any CPU.Build.0 = Debug|Any CPU
		{A660BA09-CD4B-46B2-82CB-129BE388B650}.Release|Any CPU.ActiveCfg = Release|Any CPU
		{A660BA09-CD4B-46B2-82CB-129BE388B650}.Release|Any CPU.Build.0 = Release|Any CPU
		{0867782F-B9D2-4408-A1C0-04A3799AFA0F}.Debug|Any CPU.ActiveCfg = Debug|Any CPU
		{0867782F-B9D2-4408-A1C0-04A3799AFA0F}.Debug|Any CPU.Build.0 = Debug|Any CPU
		{0867782F-B9D2-4408-A1C0-04A3799AFA0F}.Release|Any CPU.ActiveCfg = Release|Any CPU
		{0867782F-B9D2-4408-A1C0-04A3799AFA0F}.Release|Any CPU.Build.0 = Release|Any CPU
		{85CCA032-B572-48D7-9934-CC5AEE8CADF9}.Debug|Any CPU.ActiveCfg = Debug|Any CPU
		{85CCA032-B572-48D7-9934-CC5AEE8CADF9}.Debug|Any CPU.Build.0 = Debug|Any CPU
		{85CCA032-B572-48D7-9934-CC5AEE8CADF9}.Release|Any CPU.ActiveCfg = Release|Any CPU
		{85CCA032-B572-48D7-9934-CC5AEE8CADF9}.Release|Any CPU.Build.0 = Release|Any CPU
		{217C21B4-03E6-4724-962E-FF9CA589DDD9}.Debug|Any CPU.ActiveCfg = Debug|Any CPU
		{217C21B4-03E6-4724-962E-FF9CA589DDD9}.Debug|Any CPU.Build.0 = Debug|Any CPU
		{217C21B4-03E6-4724-962E-FF9CA589DDD9}.Release|Any CPU.ActiveCfg = Release|Any CPU
		{217C21B4-03E6-4724-962E-FF9CA589DDD9}.Release|Any CPU.Build.0 = Release|Any CPU
		{887211EB-2F3D-491C-A29B-3FB62E4A2072}.Debug|Any CPU.ActiveCfg = Debug|Any CPU
		{887211EB-2F3D-491C-A29B-3FB62E4A2072}.Debug|Any CPU.Build.0 = Debug|Any CPU
		{887211EB-2F3D-491C-A29B-3FB62E4A2072}.Release|Any CPU.ActiveCfg = Release|Any CPU
		{887211EB-2F3D-491C-A29B-3FB62E4A2072}.Release|Any CPU.Build.0 = Release|Any CPU
	EndGlobalSection
	GlobalSection(SolutionProperties) = preSolution
		HideSolutionNode = FALSE
	EndGlobalSection
	GlobalSection(NestedProjects) = preSolution
		{93902E7E-A1D6-46B6-8E48-CAB8158B0ACC} = {692F5D8A-BCD5-4DA2-B987-6E661055370F}
		{D9CBFF00-DC33-453C-B074-2F6B4856FFDF} = {93902E7E-A1D6-46B6-8E48-CAB8158B0ACC}
		{859D099A-296B-405A-BE73-4A2A901ABADF} = {FA420D67-8DE4-4C37-91BA-8066E1805E74}
		{36A28E7F-E459-4512-B750-95BF528C63C7} = {692F5D8A-BCD5-4DA2-B987-6E661055370F}
		{6F061BDC-4874-42FB-9AC8-92EF660FEAFB} = {36A28E7F-E459-4512-B750-95BF528C63C7}
		{8B39CD3F-916B-4416-99F9-D55A14B0938E} = {36A28E7F-E459-4512-B750-95BF528C63C7}
		{692F5D8A-BCD5-4DA2-B987-6E661055370F} = {FBDD816C-D557-45DB-8806-4C71312EDCB3}
		{A25FBFA7-1B29-4A2B-A282-A0AA7DD530BA} = {FBDD816C-D557-45DB-8806-4C71312EDCB3}
		{6965CA32-B44D-48F4-BE51-259B470F225B} = {FA420D67-8DE4-4C37-91BA-8066E1805E74}
		{B7A9CA15-F447-4126-A739-A91425F75108} = {FBDD816C-D557-45DB-8806-4C71312EDCB3}
		{E3ABD8FF-3A33-4BBE-B775-6F3792AE82F0} = {B7A9CA15-F447-4126-A739-A91425F75108}
		{3A29A4A0-54EF-4FF6-9D48-2340FD9275BB} = {B7A9CA15-F447-4126-A739-A91425F75108}
		{8286C226-839B-46A1-BFDD-059AA794FA85} = {FA420D67-8DE4-4C37-91BA-8066E1805E74}
		{3E5D0957-6678-4A33-BC2C-E0B5615564C5} = {FBDD816C-D557-45DB-8806-4C71312EDCB3}
		{0867782F-B9D2-4408-A1C0-04A3799AFA0F} = {3E5D0957-6678-4A33-BC2C-E0B5615564C5}
		{85CCA032-B572-48D7-9934-CC5AEE8CADF9} = {FA420D67-8DE4-4C37-91BA-8066E1805E74}
		{217C21B4-03E6-4724-962E-FF9CA589DDD9} = {A25FBFA7-1B29-4A2B-A282-A0AA7DD530BA}
		{887211EB-2F3D-491C-A29B-3FB62E4A2072} = {19D9F669-855F-45AA-8D36-4B6120D32C07}
	EndGlobalSection
	GlobalSection(ExtensibilityGlobals) = postSolution
		SolutionGuid = {AFE92966-8158-463B-A0E8-CFCF6D016A1A}
	EndGlobalSection
EndGlobal
